
Microsoft Visual Studio Solution File, Format Version 12.00
# Visual Studio Version 17
VisualStudioVersion = 17.5.002.0
MinimumVisualStudioVersion = 10.0.40219.1
Project("{9A19103F-16F7-4668-BE54-9A1E7A4F7556}") = "ExercicioComposicao", "ExercicioComposicao.csproj", "{5FF1FE68-AE0D-4081-8D71-4A78E9F32787}"
EndProject
Global
	GlobalSection(SolutionConfigurationPlatforms) = preSolution
		Debug|Any CPU = Debug|Any CPU
		Release|Any CPU = Release|Any CPU
	EndGlobalSection
	GlobalSection(ProjectConfigurationPlatforms) = postSolution
		{5FF1FE68-AE0D-4081-8D71-4A78E9F32787}.Debug|Any CPU.ActiveCfg = Debug|Any CPU
		{5FF1FE68-AE0D-4081-8D71-4A78E9F32787}.Debug|Any CPU.Build.0 = Debug|Any CPU
		{5FF1FE68-AE0D-4081-8D71-4A78E9F32787}.Release|Any CPU.ActiveCfg = Release|Any CPU
		{5FF1FE68-AE0D-4081-8D71-4A78E9F32787}.Release|Any CPU.Build.0 = Release|Any CPU
	EndGlobalSection
	GlobalSection(SolutionProperties) = preSolution
		HideSolutionNode = FALSE
	EndGlobalSection
	GlobalSection(ExtensibilityGlobals) = postSolution
		SolutionGuid = {FE1A45A7-F19C-472F-ABC0-D18DAD1616B6}
	EndGlobalSection
EndGlobal
