
Microsoft Visual Studio Solution File, Format Version 12.00
# Visual Studio Version 17
VisualStudioVersion = 17.5.002.0
MinimumVisualStudioVersion = 10.0.40219.1
Project("{9A19103F-16F7-4668-BE54-9A1E7A4F7556}") = "Exercicio2Composicao", "Exercicio2Composicao.csproj", "{B053D395-1CAE-43DE-A200-AEB12BC1F638}"
EndProject
Global
	GlobalSection(SolutionConfigurationPlatforms) = preSolution
		Debug|Any CPU = Debug|Any CPU
		Release|Any CPU = Release|Any CPU
	EndGlobalSection
	GlobalSection(ProjectConfigurationPlatforms) = postSolution
		{B053D395-1CAE-43DE-A200-AEB12BC1F638}.Debug|Any CPU.ActiveCfg = Debug|Any CPU
		{B053D395-1CAE-43DE-A200-AEB12BC1F638}.Debug|Any CPU.Build.0 = Debug|Any CPU
		{B053D395-1CAE-43DE-A200-AEB12BC1F638}.Release|Any CPU.ActiveCfg = Release|Any CPU
		{B053D395-1CAE-43DE-A200-AEB12BC1F638}.Release|Any CPU.Build.0 = Release|Any CPU
	EndGlobalSection
	GlobalSection(SolutionProperties) = preSolution
		HideSolutionNode = FALSE
	EndGlobalSection
	GlobalSection(ExtensibilityGlobals) = postSolution
		SolutionGuid = {08FDE5E7-E8AD-448E-A75E-CFFD72E5F75D}
	EndGlobalSection
EndGlobal
