
Microsoft Visual Studio Solution File, Format Version 12.00
# Visual Studio Version 17
VisualStudioVersion = 17.5.002.0
MinimumVisualStudioVersion = 10.0.40219.1
Project("{9A19103F-16F7-4668-BE54-9A1E7A4F7556}") = "FixacaoVetores", "FixacaoVetores.csproj", "{1AA15187-9B64-4E61-8597-B8BA5DA9CD9C}"
EndProject
Global
	GlobalSection(SolutionConfigurationPlatforms) = preSolution
		Debug|Any CPU = Debug|Any CPU
		Release|Any CPU = Release|Any CPU
	EndGlobalSection
	GlobalSection(ProjectConfigurationPlatforms) = postSolution
		{1AA15187-9B64-4E61-8597-B8BA5DA9CD9C}.Debug|Any CPU.ActiveCfg = Debug|Any CPU
		{1AA15187-9B64-4E61-8597-B8BA5DA9CD9C}.Debug|Any CPU.Build.0 = Debug|Any CPU
		{1AA15187-9B64-4E61-8597-B8BA5DA9CD9C}.Release|Any CPU.ActiveCfg = Release|Any CPU
		{1AA15187-9B64-4E61-8597-B8BA5DA9CD9C}.Release|Any CPU.Build.0 = Release|Any CPU
	EndGlobalSection
	GlobalSection(SolutionProperties) = preSolution
		HideSolutionNode = FALSE
	EndGlobalSection
	GlobalSection(ExtensibilityGlobals) = postSolution
		SolutionGuid = {61DE49AA-8882-41E8-B4D6-5D1ED1018083}
	EndGlobalSection
EndGlobal
